{
  "name": "smart-shopper",
  "version": "1.0.0",
  "lockfileVersion": 3,
  "requires": true,
  "packages": {
    "": {
      "name": "smart-shopper",
      "version": "1.0.0",
      "license": "ISC",
      "devDependencies": {
        "concurrently": "file:..."
      }
    },
    "...": {
      "dev": true
    },
    "node_modules/concurrently": {
      "resolved": "...",
      "link": true
    }
  }
}
